// !$*UTF8*$!
{
	archiveVersion = 1;
	classes = {
	};
	objectVersion = 50;
	objects = {

/* Begin PBXBuildFile section */
		840E559424659F81005BBA2F /* Board_Game_ShelfUITests.swift in Sources */ = {isa = PBXBuildFile; fileRef = 840E559324659F81005BBA2F /* Board_Game_ShelfUITests.swift */; };
		8496B525246423ED0057E3CE /* AppDelegate.swift in Sources */ = {isa = PBXBuildFile; fileRef = 8496B524246423ED0057E3CE /* AppDelegate.swift */; };
		8496B527246423ED0057E3CE /* SceneDelegate.swift in Sources */ = {isa = PBXBuildFile; fileRef = 8496B526246423ED0057E3CE /* SceneDelegate.swift */; };
		8496B529246423ED0057E3CE /* BoardGameList.swift in Sources */ = {isa = PBXBuildFile; fileRef = 8496B528246423ED0057E3CE /* BoardGameList.swift */; };
		8496B52B246423EE0057E3CE /* Assets.xcassets in Resources */ = {isa = PBXBuildFile; fileRef = 8496B52A246423EE0057E3CE /* Assets.xcassets */; };
		8496B52E246423EE0057E3CE /* Preview Assets.xcassets in Resources */ = {isa = PBXBuildFile; fileRef = 8496B52D246423EE0057E3CE /* Preview Assets.xcassets */; };
		8496B531246423EE0057E3CE /* LaunchScreen.storyboard in Resources */ = {isa = PBXBuildFile; fileRef = 8496B52F246423EE0057E3CE /* LaunchScreen.storyboard */; };
		8496B5392464254E0057E3CE /* BoardGameRow.swift in Sources */ = {isa = PBXBuildFile; fileRef = 8496B5382464254E0057E3CE /* BoardGameRow.swift */; };
		8496B53C246425590057E3CE /* BoardGame.swift in Sources */ = {isa = PBXBuildFile; fileRef = 8496B53B246425590057E3CE /* BoardGame.swift */; };
		8496B53E2464273F0057E3CE /* UserData.swift in Sources */ = {isa = PBXBuildFile; fileRef = 8496B53D2464273F0057E3CE /* UserData.swift */; };
		8496B540246427780057E3CE /* Data.swift in Sources */ = {isa = PBXBuildFile; fileRef = 8496B53F246427780057E3CE /* Data.swift */; };
		8496B543246428650057E3CE /* board-game-data.json in Resources */ = {isa = PBXBuildFile; fileRef = 8496B542246428650057E3CE /* board-game-data.json */; };
		8496B54524642A810057E3CE /* BoardGameHost.swift in Sources */ = {isa = PBXBuildFile; fileRef = 8496B54424642A810057E3CE /* BoardGameHost.swift */; };
		8496B54724642CA50057E3CE /* carcassonne.jpg in Resources */ = {isa = PBXBuildFile; fileRef = 8496B54624642CA50057E3CE /* carcassonne.jpg */; };
		8496B54924642CAE0057E3CE /* fox-in-the-forest.jpg in Resources */ = {isa = PBXBuildFile; fileRef = 8496B54824642CAE0057E3CE /* fox-in-the-forest.jpg */; };
		8496B54B24642CBB0057E3CE /* fox-in-the-forest-gameplay.jpg in Resources */ = {isa = PBXBuildFile; fileRef = 8496B54A24642CBB0057E3CE /* fox-in-the-forest-gameplay.jpg */; };
		8496B54D24642CCB0057E3CE /* carcassonne-gameplay.jpg in Resources */ = {isa = PBXBuildFile; fileRef = 8496B54C24642CCB0057E3CE /* carcassonne-gameplay.jpg */; };
		8496B54F24642F970057E3CE /* hero-realms-gameplay.jpg in Resources */ = {isa = PBXBuildFile; fileRef = 8496B54E24642F970057E3CE /* hero-realms-gameplay.jpg */; };
		8496B55124642F9B0057E3CE /* hero-realms.jpg in Resources */ = {isa = PBXBuildFile; fileRef = 8496B55024642F9B0057E3CE /* hero-realms.jpg */; };
		8496B553246430920057E3CE /* CircleImage.swift in Sources */ = {isa = PBXBuildFile; fileRef = 8496B552246430920057E3CE /* CircleImage.swift */; };
		8496B55524643F390057E3CE /* PlayersText.swift in Sources */ = {isa = PBXBuildFile; fileRef = 8496B55424643F390057E3CE /* PlayersText.swift */; };
		8496B5592464851A0057E3CE /* tiny-towns-gameplay.jpg in Resources */ = {isa = PBXBuildFile; fileRef = 8496B5582464851A0057E3CE /* tiny-towns-gameplay.jpg */; };
		8496B55B2464851F0057E3CE /* tiny-towns.jpg in Resources */ = {isa = PBXBuildFile; fileRef = 8496B55A2464851F0057E3CE /* tiny-towns.jpg */; };
		8496B55D246486F30057E3CE /* ascension-gameplay.jpg in Resources */ = {isa = PBXBuildFile; fileRef = 8496B55C246486F30057E3CE /* ascension-gameplay.jpg */; };
		8496B55F246486F60057E3CE /* ascension.jpg in Resources */ = {isa = PBXBuildFile; fileRef = 8496B55E246486F60057E3CE /* ascension.jpg */; };
		8496B56124648B960057E3CE /* aeons-end-gameplay.jpg in Resources */ = {isa = PBXBuildFile; fileRef = 8496B56024648B960057E3CE /* aeons-end-gameplay.jpg */; };
		8496B56324648B9A0057E3CE /* aeons-end.jpg in Resources */ = {isa = PBXBuildFile; fileRef = 8496B56224648B9A0057E3CE /* aeons-end.jpg */; };
		8496B56524648C9B0057E3CE /* BoardGameEditor.swift in Sources */ = {isa = PBXBuildFile; fileRef = 8496B56424648C9B0057E3CE /* BoardGameEditor.swift */; };
		8496B5672464AE2C0057E3CE /* TextView.swift in Sources */ = {isa = PBXBuildFile; fileRef = 8496B5662464AE2C0057E3CE /* TextView.swift */; };
		84FDF26F246991920057F0A0 /* BoardGameSummary.swift in Sources */ = {isa = PBXBuildFile; fileRef = 84FDF26E246991920057F0A0 /* BoardGameSummary.swift */; };
		84FDF27124699C970057F0A0 /* BoardGameDetails.swift in Sources */ = {isa = PBXBuildFile; fileRef = 84FDF27024699C970057F0A0 /* BoardGameDetails.swift */; };
/* End PBXBuildFile section */

/* Begin PBXContainerItemProxy section */
		840E559624659F81005BBA2F /* PBXContainerItemProxy */ = {
			isa = PBXContainerItemProxy;
			containerPortal = 8496B519246423ED0057E3CE /* Project object */;
			proxyType = 1;
			remoteGlobalIDString = 8496B520246423ED0057E3CE;
			remoteInfo = "Board Game Shelf";
		};
/* End PBXContainerItemProxy section */

/* Begin PBXFileReference section */
		840E559124659F81005BBA2F /* Board Game ShelfUITests.xctest */ = {isa = PBXFileReference; explicitFileType = wrapper.cfbundle; includeInIndex = 0; path = "Board Game ShelfUITests.xctest"; sourceTree = BUILT_PRODUCTS_DIR; };
		840E559324659F81005BBA2F /* Board_Game_ShelfUITests.swift */ = {isa = PBXFileReference; lastKnownFileType = sourcecode.swift; path = Board_Game_ShelfUITests.swift; sourceTree = "<group>"; };
		840E559524659F81005BBA2F /* Info.plist */ = {isa = PBXFileReference; lastKnownFileType = text.plist.xml; path = Info.plist; sourceTree = "<group>"; };
		8496B521246423ED0057E3CE /* Board Game Shelf.app */ = {isa = PBXFileReference; explicitFileType = wrapper.application; includeInIndex = 0; path = "Board Game Shelf.app"; sourceTree = BUILT_PRODUCTS_DIR; };
		8496B524246423ED0057E3CE /* AppDelegate.swift */ = {isa = PBXFileReference; lastKnownFileType = sourcecode.swift; path = AppDelegate.swift; sourceTree = "<group>"; };
		8496B526246423ED0057E3CE /* SceneDelegate.swift */ = {isa = PBXFileReference; lastKnownFileType = sourcecode.swift; path = SceneDelegate.swift; sourceTree = "<group>"; };
		8496B528246423ED0057E3CE /* BoardGameList.swift */ = {isa = PBXFileReference; lastKnownFileType = sourcecode.swift; path = BoardGameList.swift; sourceTree = "<group>"; };
		8496B52A246423EE0057E3CE /* Assets.xcassets */ = {isa = PBXFileReference; lastKnownFileType = folder.assetcatalog; path = Assets.xcassets; sourceTree = "<group>"; };
		8496B52D246423EE0057E3CE /* Preview Assets.xcassets */ = {isa = PBXFileReference; lastKnownFileType = folder.assetcatalog; path = "Preview Assets.xcassets"; sourceTree = "<group>"; };
		8496B530246423EE0057E3CE /* Base */ = {isa = PBXFileReference; lastKnownFileType = file.storyboard; name = Base; path = Base.lproj/LaunchScreen.storyboard; sourceTree = "<group>"; };
		8496B532246423EE0057E3CE /* Info.plist */ = {isa = PBXFileReference; lastKnownFileType = text.plist.xml; path = Info.plist; sourceTree = "<group>"; };
		8496B5382464254E0057E3CE /* BoardGameRow.swift */ = {isa = PBXFileReference; lastKnownFileType = sourcecode.swift; path = BoardGameRow.swift; sourceTree = "<group>"; };
		8496B53B246425590057E3CE /* BoardGame.swift */ = {isa = PBXFileReference; lastKnownFileType = sourcecode.swift; path = BoardGame.swift; sourceTree = "<group>"; };
		8496B53D2464273F0057E3CE /* UserData.swift */ = {isa = PBXFileReference; lastKnownFileType = sourcecode.swift; path = UserData.swift; sourceTree = "<group>"; };
		8496B53F246427780057E3CE /* Data.swift */ = {isa = PBXFileReference; lastKnownFileType = sourcecode.swift; path = Data.swift; sourceTree = "<group>"; };
		8496B542246428650057E3CE /* board-game-data.json */ = {isa = PBXFileReference; lastKnownFileType = text.json; path = "board-game-data.json"; sourceTree = "<group>"; };
		8496B54424642A810057E3CE /* BoardGameHost.swift */ = {isa = PBXFileReference; lastKnownFileType = sourcecode.swift; path = BoardGameHost.swift; sourceTree = "<group>"; };
		8496B54624642CA50057E3CE /* carcassonne.jpg */ = {isa = PBXFileReference; lastKnownFileType = image.jpeg; path = carcassonne.jpg; sourceTree = "<group>"; };
		8496B54824642CAE0057E3CE /* fox-in-the-forest.jpg */ = {isa = PBXFileReference; lastKnownFileType = image.jpeg; path = "fox-in-the-forest.jpg"; sourceTree = "<group>"; };
		8496B54A24642CBB0057E3CE /* fox-in-the-forest-gameplay.jpg */ = {isa = PBXFileReference; lastKnownFileType = image.jpeg; path = "fox-in-the-forest-gameplay.jpg"; sourceTree = "<group>"; };
		8496B54C24642CCB0057E3CE /* carcassonne-gameplay.jpg */ = {isa = PBXFileReference; lastKnownFileType = image.jpeg; path = "carcassonne-gameplay.jpg"; sourceTree = "<group>"; };
		8496B54E24642F970057E3CE /* hero-realms-gameplay.jpg */ = {isa = PBXFileReference; lastKnownFileType = image.jpeg; path = "hero-realms-gameplay.jpg"; sourceTree = "<group>"; };
		8496B55024642F9B0057E3CE /* hero-realms.jpg */ = {isa = PBXFileReference; lastKnownFileType = image.jpeg; path = "hero-realms.jpg"; sourceTree = "<group>"; };
		8496B552246430920057E3CE /* CircleImage.swift */ = {isa = PBXFileReference; lastKnownFileType = sourcecode.swift; path = CircleImage.swift; sourceTree = "<group>"; };
		8496B55424643F390057E3CE /* PlayersText.swift */ = {isa = PBXFileReference; lastKnownFileType = sourcecode.swift; path = PlayersText.swift; sourceTree = "<group>"; };
		8496B5582464851A0057E3CE /* tiny-towns-gameplay.jpg */ = {isa = PBXFileReference; lastKnownFileType = image.jpeg; path = "tiny-towns-gameplay.jpg"; sourceTree = "<group>"; };
		8496B55A2464851F0057E3CE /* tiny-towns.jpg */ = {isa = PBXFileReference; lastKnownFileType = image.jpeg; path = "tiny-towns.jpg"; sourceTree = "<group>"; };
		8496B55C246486F30057E3CE /* ascension-gameplay.jpg */ = {isa = PBXFileReference; lastKnownFileType = image.jpeg; path = "ascension-gameplay.jpg"; sourceTree = "<group>"; };
		8496B55E246486F60057E3CE /* ascension.jpg */ = {isa = PBXFileReference; lastKnownFileType = image.jpeg; path = ascension.jpg; sourceTree = "<group>"; };
		8496B56024648B960057E3CE /* aeons-end-gameplay.jpg */ = {isa = PBXFileReference; lastKnownFileType = image.jpeg; path = "aeons-end-gameplay.jpg"; sourceTree = "<group>"; };
		8496B56224648B9A0057E3CE /* aeons-end.jpg */ = {isa = PBXFileReference; lastKnownFileType = image.jpeg; path = "aeons-end.jpg"; sourceTree = "<group>"; };
		8496B56424648C9B0057E3CE /* BoardGameEditor.swift */ = {isa = PBXFileReference; lastKnownFileType = sourcecode.swift; path = BoardGameEditor.swift; sourceTree = "<group>"; };
		8496B5662464AE2C0057E3CE /* TextView.swift */ = {isa = PBXFileReference; lastKnownFileType = sourcecode.swift; path = TextView.swift; sourceTree = "<group>"; };
		84FDF26E246991920057F0A0 /* BoardGameSummary.swift */ = {isa = PBXFileReference; lastKnownFileType = sourcecode.swift; path = BoardGameSummary.swift; sourceTree = "<group>"; };
		84FDF27024699C970057F0A0 /* BoardGameDetails.swift */ = {isa = PBXFileReference; lastKnownFileType = sourcecode.swift; path = BoardGameDetails.swift; sourceTree = "<group>"; };
/* End PBXFileReference section */

/* Begin PBXFrameworksBuildPhase section */
		840E558E24659F81005BBA2F /* Frameworks */ = {
			isa = PBXFrameworksBuildPhase;
			buildActionMask = 2147483647;
			files = (
			);
			runOnlyForDeploymentPostprocessing = 0;
		};
		8496B51E246423ED0057E3CE /* Frameworks */ = {
			isa = PBXFrameworksBuildPhase;
			buildActionMask = 2147483647;
			files = (
			);
			runOnlyForDeploymentPostprocessing = 0;
		};
/* End PBXFrameworksBuildPhase section */

/* Begin PBXGroup section */
		840E559224659F81005BBA2F /* Board Game ShelfUITests */ = {
			isa = PBXGroup;
			children = (
				840E559324659F81005BBA2F /* Board_Game_ShelfUITests.swift */,
				840E559524659F81005BBA2F /* Info.plist */,
			);
			path = "Board Game ShelfUITests";
			sourceTree = "<group>";
		};
		8496B518246423ED0057E3CE = {
			isa = PBXGroup;
			children = (
				8496B523246423ED0057E3CE /* Board Game Shelf */,
				840E559224659F81005BBA2F /* Board Game ShelfUITests */,
				8496B522246423ED0057E3CE /* Products */,
			);
			sourceTree = "<group>";
		};
		8496B522246423ED0057E3CE /* Products */ = {
			isa = PBXGroup;
			children = (
				8496B521246423ED0057E3CE /* Board Game Shelf.app */,
				840E559124659F81005BBA2F /* Board Game ShelfUITests.xctest */,
			);
			name = Products;
			sourceTree = "<group>";
		};
		8496B523246423ED0057E3CE /* Board Game Shelf */ = {
			isa = PBXGroup;
			children = (
				8496B53A246425510057E3CE /* Models */,
				8496B52C246423EE0057E3CE /* Preview Content */,
				8496B541246428380057E3CE /* Resources */,
				8496B52A246423EE0057E3CE /* Assets.xcassets */,
				8496B524246423ED0057E3CE /* AppDelegate.swift */,
				84FDF27024699C970057F0A0 /* BoardGameDetails.swift */,
				8496B56424648C9B0057E3CE /* BoardGameEditor.swift */,
				8496B54424642A810057E3CE /* BoardGameHost.swift */,
				8496B528246423ED0057E3CE /* BoardGameList.swift */,
				8496B5382464254E0057E3CE /* BoardGameRow.swift */,
				84FDF26E246991920057F0A0 /* BoardGameSummary.swift */,
				8496B552246430920057E3CE /* CircleImage.swift */,
				8496B532246423EE0057E3CE /* Info.plist */,
				8496B52F246423EE0057E3CE /* LaunchScreen.storyboard */,
				8496B55424643F390057E3CE /* PlayersText.swift */,
				8496B526246423ED0057E3CE /* SceneDelegate.swift */,
				8496B5662464AE2C0057E3CE /* TextView.swift */,
				8496B53D2464273F0057E3CE /* UserData.swift */,
			);
			path = "Board Game Shelf";
			sourceTree = "<group>";
		};
		8496B52C246423EE0057E3CE /* Preview Content */ = {
			isa = PBXGroup;
			children = (
				8496B52D246423EE0057E3CE /* Preview Assets.xcassets */,
			);
			path = "Preview Content";
			sourceTree = "<group>";
		};
		8496B53A246425510057E3CE /* Models */ = {
			isa = PBXGroup;
			children = (
				8496B53B246425590057E3CE /* BoardGame.swift */,
				8496B53F246427780057E3CE /* Data.swift */,
			);
			path = Models;
			sourceTree = "<group>";
		};
		8496B541246428380057E3CE /* Resources */ = {
			isa = PBXGroup;
			children = (
				8496B56024648B960057E3CE /* aeons-end-gameplay.jpg */,
				8496B56224648B9A0057E3CE /* aeons-end.jpg */,
				8496B55C246486F30057E3CE /* ascension-gameplay.jpg */,
				8496B55E246486F60057E3CE /* ascension.jpg */,
				8496B542246428650057E3CE /* board-game-data.json */,
				8496B54C24642CCB0057E3CE /* carcassonne-gameplay.jpg */,
				8496B54624642CA50057E3CE /* carcassonne.jpg */,
				8496B54A24642CBB0057E3CE /* fox-in-the-forest-gameplay.jpg */,
				8496B54824642CAE0057E3CE /* fox-in-the-forest.jpg */,
				8496B54E24642F970057E3CE /* hero-realms-gameplay.jpg */,
				8496B55024642F9B0057E3CE /* hero-realms.jpg */,
				8496B5582464851A0057E3CE /* tiny-towns-gameplay.jpg */,
				8496B55A2464851F0057E3CE /* tiny-towns.jpg */,
			);
			path = Resources;
			sourceTree = "<group>";
		};
/* End PBXGroup section */

/* Begin PBXNativeTarget section */
		840E559024659F81005BBA2F /* Board Game ShelfUITests */ = {
			isa = PBXNativeTarget;
			buildConfigurationList = 840E559A24659F81005BBA2F /* Build configuration list for PBXNativeTarget "Board Game ShelfUITests" */;
			buildPhases = (
				840E558D24659F81005BBA2F /* Sources */,
				840E558E24659F81005BBA2F /* Frameworks */,
				840E558F24659F81005BBA2F /* Resources */,
			);
			buildRules = (
			);
			dependencies = (
				840E559724659F81005BBA2F /* PBXTargetDependency */,
			);
			name = "Board Game ShelfUITests";
			productName = "Board Game ShelfUITests";
			productReference = 840E559124659F81005BBA2F /* Board Game ShelfUITests.xctest */;
			productType = "com.apple.product-type.bundle.ui-testing";
		};
		8496B520246423ED0057E3CE /* Board Game Shelf */ = {
			isa = PBXNativeTarget;
			buildConfigurationList = 8496B535246423EE0057E3CE /* Build configuration list for PBXNativeTarget "Board Game Shelf" */;
			buildPhases = (
				8496B51D246423ED0057E3CE /* Sources */,
				8496B51E246423ED0057E3CE /* Frameworks */,
				8496B51F246423ED0057E3CE /* Resources */,
			);
			buildRules = (
			);
			dependencies = (
			);
			name = "Board Game Shelf";
			productName = "Board Game Shelf";
			productReference = 8496B521246423ED0057E3CE /* Board Game Shelf.app */;
			productType = "com.apple.product-type.application";
		};
/* End PBXNativeTarget section */

/* Begin PBXProject section */
		8496B519246423ED0057E3CE /* Project object */ = {
			isa = PBXProject;
			attributes = {
				LastSwiftUpdateCheck = 1140;
				LastUpgradeCheck = 1140;
				ORGANIZATIONNAME = "Joe Masilotti";
				TargetAttributes = {
					840E559024659F81005BBA2F = {
						CreatedOnToolsVersion = 11.4.1;
						TestTargetID = 8496B520246423ED0057E3CE;
					};
					8496B520246423ED0057E3CE = {
						CreatedOnToolsVersion = 11.4.1;
					};
				};
			};
			buildConfigurationList = 8496B51C246423ED0057E3CE /* Build configuration list for PBXProject "Board Game Shelf" */;
			compatibilityVersion = "Xcode 9.3";
			developmentRegion = en;
			hasScannedForEncodings = 0;
			knownRegions = (
				en,
				Base,
			);
			mainGroup = 8496B518246423ED0057E3CE;
			productRefGroup = 8496B522246423ED0057E3CE /* Products */;
			projectDirPath = "";
			projectRoot = "";
			targets = (
				8496B520246423ED0057E3CE /* Board Game Shelf */,
				840E559024659F81005BBA2F /* Board Game ShelfUITests */,
			);
		};
/* End PBXProject section */

/* Begin PBXResourcesBuildPhase section */
		840E558F24659F81005BBA2F /* Resources */ = {
			isa = PBXResourcesBuildPhase;
			buildActionMask = 2147483647;
			files = (
			);
			runOnlyForDeploymentPostprocessing = 0;
		};
		8496B51F246423ED0057E3CE /* Resources */ = {
			isa = PBXResourcesBuildPhase;
			buildActionMask = 2147483647;
			files = (
				8496B55F246486F60057E3CE /* ascension.jpg in Resources */,
				8496B55B2464851F0057E3CE /* tiny-towns.jpg in Resources */,
				8496B531246423EE0057E3CE /* LaunchScreen.storyboard in Resources */,
				8496B55D246486F30057E3CE /* ascension-gameplay.jpg in Resources */,
				8496B52E246423EE0057E3CE /* Preview Assets.xcassets in Resources */,
				8496B543246428650057E3CE /* board-game-data.json in Resources */,
				8496B56324648B9A0057E3CE /* aeons-end.jpg in Resources */,
				8496B5592464851A0057E3CE /* tiny-towns-gameplay.jpg in Resources */,
				8496B54F24642F970057E3CE /* hero-realms-gameplay.jpg in Resources */,
				8496B54724642CA50057E3CE /* carcassonne.jpg in Resources */,
				8496B56124648B960057E3CE /* aeons-end-gameplay.jpg in Resources */,
				8496B54924642CAE0057E3CE /* fox-in-the-forest.jpg in Resources */,
				8496B54D24642CCB0057E3CE /* carcassonne-gameplay.jpg in Resources */,
				8496B54B24642CBB0057E3CE /* fox-in-the-forest-gameplay.jpg in Resources */,
				8496B55124642F9B0057E3CE /* hero-realms.jpg in Resources */,
				8496B52B246423EE0057E3CE /* Assets.xcassets in Resources */,
			);
			runOnlyForDeploymentPostprocessing = 0;
		};
/* End PBXResourcesBuildPhase section */

/* Begin PBXSourcesBuildPhase section */
		840E558D24659F81005BBA2F /* Sources */ = {
			isa = PBXSourcesBuildPhase;
			buildActionMask = 2147483647;
			files = (
				840E559424659F81005BBA2F /* Board_Game_ShelfUITests.swift in Sources */,
			);
			runOnlyForDeploymentPostprocessing = 0;
		};
		8496B51D246423ED0057E3CE /* Sources */ = {
			isa = PBXSourcesBuildPhase;
			buildActionMask = 2147483647;
			files = (
				8496B540246427780057E3CE /* Data.swift in Sources */,
				84FDF27124699C970057F0A0 /* BoardGameDetails.swift in Sources */,
				8496B53E2464273F0057E3CE /* UserData.swift in Sources */,
				8496B54524642A810057E3CE /* BoardGameHost.swift in Sources */,
				8496B5672464AE2C0057E3CE /* TextView.swift in Sources */,
				8496B525246423ED0057E3CE /* AppDelegate.swift in Sources */,
				84FDF26F246991920057F0A0 /* BoardGameSummary.swift in Sources */,
				8496B527246423ED0057E3CE /* SceneDelegate.swift in Sources */,
				8496B56524648C9B0057E3CE /* BoardGameEditor.swift in Sources */,
				8496B553246430920057E3CE /* CircleImage.swift in Sources */,
				8496B53C246425590057E3CE /* BoardGame.swift in Sources */,
				8496B55524643F390057E3CE /* PlayersText.swift in Sources */,
				8496B529246423ED0057E3CE /* BoardGameList.swift in Sources */,
				8496B5392464254E0057E3CE /* BoardGameRow.swift in Sources */,
			);
			runOnlyForDeploymentPostprocessing = 0;
		};
/* End PBXSourcesBuildPhase section */

/* Begin PBXTargetDependency section */
		840E559724659F81005BBA2F /* PBXTargetDependency */ = {
			isa = PBXTargetDependency;
			target = 8496B520246423ED0057E3CE /* Board Game Shelf */;
			targetProxy = 840E559624659F81005BBA2F /* PBXContainerItemProxy */;
		};
/* End PBXTargetDependency section */

/* Begin PBXVariantGroup section */
		8496B52F246423EE0057E3CE /* LaunchScreen.storyboard */ = {
			isa = PBXVariantGroup;
			children = (
				8496B530246423EE0057E3CE /* Base */,
			);
			name = LaunchScreen.storyboard;
			sourceTree = "<group>";
		};
/* End PBXVariantGroup section */

/* Begin XCBuildConfiguration section */
		840E559824659F81005BBA2F /* Debug */ = {
			isa = XCBuildConfiguration;
			buildSettings = {
				CODE_SIGN_STYLE = Automatic;
				INFOPLIST_FILE = "Board Game ShelfUITests/Info.plist";
				LD_RUNPATH_SEARCH_PATHS = (
					"$(inherited)",
					"@executable_path/Frameworks",
					"@loader_path/Frameworks",
				);
				PRODUCT_BUNDLE_IDENTIFIER = "com.masilotti.Board-Game-ShelfUITests";
				PRODUCT_NAME = "$(TARGET_NAME)";
				SWIFT_VERSION = 5.0;
				TARGETED_DEVICE_FAMILY = "1,2";
				TEST_TARGET_NAME = "Board Game Shelf";
			};
			name = Debug;
		};
		840E559924659F81005BBA2F /* Release */ = {
			isa = XCBuildConfiguration;
			buildSettings = {
				CODE_SIGN_STYLE = Automatic;
				INFOPLIST_FILE = "Board Game ShelfUITests/Info.plist";
				LD_RUNPATH_SEARCH_PATHS = (
					"$(inherited)",
					"@executable_path/Frameworks",
					"@loader_path/Frameworks",
				);
				PRODUCT_BUNDLE_IDENTIFIER = "com.masilotti.Board-Game-ShelfUITests";
				PRODUCT_NAME = "$(TARGET_NAME)";
				SWIFT_VERSION = 5.0;
				TARGETED_DEVICE_FAMILY = "1,2";
				TEST_TARGET_NAME = "Board Game Shelf";
			};
			name = Release;
		};
		8496B533246423EE0057E3CE /* Debug */ = {
			isa = XCBuildConfiguration;
			buildSettings = {
				ALWAYS_SEARCH_USER_PATHS = NO;
				CLANG_ANALYZER_NONNULL = YES;
				CLANG_ANALYZER_NUMBER_OBJECT_CONVERSION = YES_AGGRESSIVE;
				CLANG_CXX_LANGUAGE_STANDARD = "gnu++14";
				CLANG_CXX_LIBRARY = "libc++";
				CLANG_ENABLE_MODULES = YES;
				CLANG_ENABLE_OBJC_ARC = YES;
				CLANG_ENABLE_OBJC_WEAK = YES;
				CLANG_WARN_BLOCK_CAPTURE_AUTORELEASING = YES;
				CLANG_WARN_BOOL_CONVERSION = YES;
				CLANG_WARN_COMMA = YES;
				CLANG_WARN_CONSTANT_CONVERSION = YES;
				CLANG_WARN_DEPRECATED_OBJC_IMPLEMENTATIONS = YES;
				CLANG_WARN_DIRECT_OBJC_ISA_USAGE = YES_ERROR;
				CLANG_WARN_DOCUMENTATION_COMMENTS = YES;
				CLANG_WARN_EMPTY_BODY = YES;
				CLANG_WARN_ENUM_CONVERSION = YES;
				CLANG_WARN_INFINITE_RECURSION = YES;
				CLANG_WARN_INT_CONVERSION = YES;
				CLANG_WARN_NON_LITERAL_NULL_CONVERSION = YES;
				CLANG_WARN_OBJC_IMPLICIT_RETAIN_SELF = YES;
				CLANG_WARN_OBJC_LITERAL_CONVERSION = YES;
				CLANG_WARN_OBJC_ROOT_CLASS = YES_ERROR;
				CLANG_WARN_RANGE_LOOP_ANALYSIS = YES;
				CLANG_WARN_STRICT_PROTOTYPES = YES;
				CLANG_WARN_SUSPICIOUS_MOVE = YES;
				CLANG_WARN_UNGUARDED_AVAILABILITY = YES_AGGRESSIVE;
				CLANG_WARN_UNREACHABLE_CODE = YES;
				CLANG_WARN__DUPLICATE_METHOD_MATCH = YES;
				COPY_PHASE_STRIP = NO;
				DEBUG_INFORMATION_FORMAT = dwarf;
				ENABLE_STRICT_OBJC_MSGSEND = YES;
				ENABLE_TESTABILITY = YES;
				GCC_C_LANGUAGE_STANDARD = gnu11;
				GCC_DYNAMIC_NO_PIC = NO;
				GCC_NO_COMMON_BLOCKS = YES;
				GCC_OPTIMIZATION_LEVEL = 0;
				GCC_PREPROCESSOR_DEFINITIONS = (
					"DEBUG=1",
					"$(inherited)",
				);
				GCC_WARN_64_TO_32_BIT_CONVERSION = YES;
				GCC_WARN_ABOUT_RETURN_TYPE = YES_ERROR;
				GCC_WARN_UNDECLARED_SELECTOR = YES;
				GCC_WARN_UNINITIALIZED_AUTOS = YES_AGGRESSIVE;
				GCC_WARN_UNUSED_FUNCTION = YES;
				GCC_WARN_UNUSED_VARIABLE = YES;
				IPHONEOS_DEPLOYMENT_TARGET = 13.4;
				MTL_ENABLE_DEBUG_INFO = INCLUDE_SOURCE;
				MTL_FAST_MATH = YES;
				ONLY_ACTIVE_ARCH = YES;
				SDKROOT = iphoneos;
				SWIFT_ACTIVE_COMPILATION_CONDITIONS = DEBUG;
				SWIFT_OPTIMIZATION_LEVEL = "-Onone";
			};
			name = Debug;
		};
		8496B534246423EE0057E3CE /* Release */ = {
			isa = XCBuildConfiguration;
			buildSettings = {
				ALWAYS_SEARCH_USER_PATHS = NO;
				CLANG_ANALYZER_NONNULL = YES;
				CLANG_ANALYZER_NUMBER_OBJECT_CONVERSION = YES_AGGRESSIVE;
				CLANG_CXX_LANGUAGE_STANDARD = "gnu++14";
				CLANG_CXX_LIBRARY = "libc++";
				CLANG_ENABLE_MODULES = YES;
				CLANG_ENABLE_OBJC_ARC = YES;
				CLANG_ENABLE_OBJC_WEAK = YES;
				CLANG_WARN_BLOCK_CAPTURE_AUTORELEASING = YES;
				CLANG_WARN_BOOL_CONVERSION = YES;
				CLANG_WARN_COMMA = YES;
				CLANG_WARN_CONSTANT_CONVERSION = YES;
				CLANG_WARN_DEPRECATED_OBJC_IMPLEMENTATIONS = YES;
				CLANG_WARN_DIRECT_OBJC_ISA_USAGE = YES_ERROR;
				CLANG_WARN_DOCUMENTATION_COMMENTS = YES;
				CLANG_WARN_EMPTY_BODY = YES;
				CLANG_WARN_ENUM_CONVERSION = YES;
				CLANG_WARN_INFINITE_RECURSION = YES;
				CLANG_WARN_INT_CONVERSION = YES;
				CLANG_WARN_NON_LITERAL_NULL_CONVERSION = YES;
				CLANG_WARN_OBJC_IMPLICIT_RETAIN_SELF = YES;
				CLANG_WARN_OBJC_LITERAL_CONVERSION = YES;
				CLANG_WARN_OBJC_ROOT_CLASS = YES_ERROR;
				CLANG_WARN_RANGE_LOOP_ANALYSIS = YES;
				CLANG_WARN_STRICT_PROTOTYPES = YES;
				CLANG_WARN_SUSPICIOUS_MOVE = YES;
				CLANG_WARN_UNGUARDED_AVAILABILITY = YES_AGGRESSIVE;
				CLANG_WARN_UNREACHABLE_CODE = YES;
				CLANG_WARN__DUPLICATE_METHOD_MATCH = YES;
				COPY_PHASE_STRIP = NO;
				DEBUG_INFORMATION_FORMAT = "dwarf-with-dsym";
				ENABLE_NS_ASSERTIONS = NO;
				ENABLE_STRICT_OBJC_MSGSEND = YES;
				GCC_C_LANGUAGE_STANDARD = gnu11;
				GCC_NO_COMMON_BLOCKS = YES;
				GCC_WARN_64_TO_32_BIT_CONVERSION = YES;
				GCC_WARN_ABOUT_RETURN_TYPE = YES_ERROR;
				GCC_WARN_UNDECLARED_SELECTOR = YES;
				GCC_WARN_UNINITIALIZED_AUTOS = YES_AGGRESSIVE;
				GCC_WARN_UNUSED_FUNCTION = YES;
				GCC_WARN_UNUSED_VARIABLE = YES;
				IPHONEOS_DEPLOYMENT_TARGET = 13.4;
				MTL_ENABLE_DEBUG_INFO = NO;
				MTL_FAST_MATH = YES;
				SDKROOT = iphoneos;
				SWIFT_COMPILATION_MODE = wholemodule;
				SWIFT_OPTIMIZATION_LEVEL = "-O";
				VALIDATE_PRODUCT = YES;
			};
			name = Release;
		};
		8496B536246423EE0057E3CE /* Debug */ = {
			isa = XCBuildConfiguration;
			buildSettings = {
				ASSETCATALOG_COMPILER_APPICON_NAME = AppIcon;
				CODE_SIGN_STYLE = Automatic;
				DEVELOPMENT_ASSET_PATHS = "\"Board Game Shelf/Preview Content\"";
				ENABLE_PREVIEWS = YES;
				INFOPLIST_FILE = "Board Game Shelf/Info.plist";
				LD_RUNPATH_SEARCH_PATHS = (
					"$(inherited)",
					"@executable_path/Frameworks",
				);
				PRODUCT_BUNDLE_IDENTIFIER = "com.masilotti.Board-Game-Shelf";
				PRODUCT_NAME = "$(TARGET_NAME)";
				SWIFT_VERSION = 5.0;
				TARGETED_DEVICE_FAMILY = "1,2";
			};
			name = Debug;
		};
		8496B537246423EE0057E3CE /* Release */ = {
			isa = XCBuildConfiguration;
			buildSettings = {
				ASSETCATALOG_COMPILER_APPICON_NAME = AppIcon;
				CODE_SIGN_STYLE = Automatic;
				DEVELOPMENT_ASSET_PATHS = "\"Board Game Shelf/Preview Content\"";
				ENABLE_PREVIEWS = YES;
				INFOPLIST_FILE = "Board Game Shelf/Info.plist";
				LD_RUNPATH_SEARCH_PATHS = (
					"$(inherited)",
					"@executable_path/Frameworks",
				);
				PRODUCT_BUNDLE_IDENTIFIER = "com.masilotti.Board-Game-Shelf";
				PRODUCT_NAME = "$(TARGET_NAME)";
				SWIFT_VERSION = 5.0;
				TARGETED_DEVICE_FAMILY = "1,2";
			};
			name = Release;
		};
/* End XCBuildConfiguration section */

/* Begin XCConfigurationList section */
		840E559A24659F81005BBA2F /* Build configuration list for PBXNativeTarget "Board Game ShelfUITests" */ = {
			isa = XCConfigurationList;
			buildConfigurations = (
				840E559824659F81005BBA2F /* Debug */,
				840E559924659F81005BBA2F /* Release */,
			);
			defaultConfigurationIsVisible = 0;
			defaultConfigurationName = Release;
		};
		8496B51C246423ED0057E3CE /* Build configuration list for PBXProject "Board Game Shelf" */ = {
			isa = XCConfigurationList;
			buildConfigurations = (
				8496B533246423EE0057E3CE /* Debug */,
				8496B534246423EE0057E3CE /* Release */,
			);
			defaultConfigurationIsVisible = 0;
			defaultConfigurationName = Release;
		};
		8496B535246423EE0057E3CE /* Build configuration list for PBXNativeTarget "Board Game Shelf" */ = {
			isa = XCConfigurationList;
			buildConfigurations = (
				8496B536246423EE0057E3CE /* Debug */,
				8496B537246423EE0057E3CE /* Release */,
			);
			defaultConfigurationIsVisible = 0;
			defaultConfigurationName = Release;
		};
/* End XCConfigurationList section */
	};
	rootObject = 8496B519246423ED0057E3CE /* Project object */;
}
